---
metadata:
  version: "1.0"
artifacts:
  - download_url: "https://get.jenkins.io/war-stable/2.568.2/jenkins.war"
    checksum: "sha256:9bbb2b329e52730ba7decd1a7a1095987f6250ec761fb21157dbb2cbcd1ef590"
    filename: "jenkins.war"
  - download_url: "https://updates.jenkins.io/download/plugins/ant/520.vd082ecfb_16a_9/ant.hpi"
    checksum: "sha256:e30e1cbbd7eccc729ff94c7a569d39f9fe2bf8c904e08ab598cc10bf5a3c4c87"
    filename: "ant.hpi"
  - download_url: "https://updates.jenkins.io/download/plugins/antisamy-markup-formatter/173.v680e3a_b_69ff3/antisamy-markup-formatter.hpi"
    checksum: "sha256:29b4765797f26c44574a2732ddf9d7d98ea0283295352497dd9eef84aed0102f"
    filename: "antisamy-markup-formatter.hpi"
  - download_url: "https://updates.jenkins.io/download/plugins/apache-httpcomponents-client-4-api/4.5.14-269.vfa_2321039a_83/apache-httpcomponents-client-4-api.hpi"
    checksum: "sha256:cea2f61cc72890b962fd4b767c31778c6cb30015b4a8758b4c26b62e51ca9533"
    filename: "apache-httpcomponents-client-4-api.hpi"
  - download_url: "https://updates.jenkins.io/download/plugins/apache-httpcomponents-client-5-api/5.6.4-204.vfa_29df89ffcf/apache-httpcomponents-client-5-api.hpi"
    checksum: "sha256:8ae663a6c86c44d274bc676e57d7133c1e532e329716a57f5c3f4f37022d40d0"
    filename: "apache-httpcomponents-client-5-api.hpi"
  - download_url: "https://updates.jenkins.io/download/plugins/asm-api/9.10.1-216.va_9256d3b_844b_/asm-api.hpi"
    checksum: "sha256:292c90d3dfff2e9242f8096707a3fa3d978cb57a6b6a6ce689c69dc21a381be6"
    filename: "asm-api.hpi"
  - download_url: "https://updates.jenkins.io/download/plugins/authentication-tokens/1.144.v5ff4a_5ec5c33/authentication-tokens.hpi"
    checksum: "sha256:8069074af688b102703410045a11394fb8d2f52c2cc2d7abd3067e3adff5fc24"
    filename: "authentication-tokens.hpi"
  - download_url: "https://updates.jenkins.io/download/plugins/blueocean-autofavorite/1.2.5/blueocean-autofavorite.hpi"
    checksum: "sha256:274679e99b23b03dc4203df76b34966cc317fbb6cb46149eeec88770c6999146"
    filename: "blueocean-autofavorite.hpi"
  - download_url: "https://updates.jenkins.io/download/plugins/blueocean-bitbucket-pipeline/1.27.26/blueocean-bitbucket-pipeline.hpi"
    checksum: "sha256:755738a1b51b1859d944cd5c3d6341c1dd1bdd520c2caa08c157146afb54cf45"
    filename: "blueocean-bitbucket-pipeline.hpi"
  - download_url: "https://updates.jenkins.io/download/plugins/blueocean-commons/1.27.26/blueocean-commons.hpi"
    checksum: "sha256:219c176edad429c78078576ee944c2b7c98c28bc0aadf089b1dbd34a8b91d4a1"
    filename: "blueocean-commons.hpi"
  - download_url: "https://updates.jenkins.io/download/plugins/blueocean-config/1.27.26/blueocean-config.hpi"
    checksum: "sha256:dd17475a728080aa26a456a03384bc1180cf98844ad16532213464a3457b9d1e"
    filename: "blueocean-config.hpi"
  - download_url: "https://updates.jenkins.io/download/plugins/blueocean-core-js/1.27.26/blueocean-core-js.hpi"
    checksum: "sha256:58d7571a4b810aa1b7faa336d8a090a440b8bfbb36873484f8056b1dae36330b"
    filename: "blueocean-core-js.hpi"
  - download_url: "https://updates.jenkins.io/download/plugins/blueocean-dashboard/1.27.26/blueocean-dashboard.hpi"
    checksum: "sha256:c0688e0ff120742b84ea2224c50ea9aab6ff2d41ae24d221a904f2053c2f7e55"
    filename: "blueocean-dashboard.hpi"
  - download_url: "https://updates.jenkins.io/download/plugins/blueocean-display-url/2.4.4/blueocean-display-url.hpi"
    checksum: "sha256:02436c6cc8b35dd9a4f925a13b547bf163703233e7061703e428e98cd8e0d17a"
    filename: "blueocean-display-url.hpi"
  - download_url: "https://updates.jenkins.io/download/plugins/blueocean-events/1.27.26/blueocean-events.hpi"
    checksum: "sha256:e738246cd10f4c60d2788701e492cd75ea51ecc42979e55bf51191df4c83dedc"
    filename: "blueocean-events.hpi"
  - download_url: "https://updates.jenkins.io/download/plugins/blueocean-git-pipeline/1.27.26/blueocean-git-pipeline.hpi"
    checksum: "sha256:558fd9f9ec87d5a2371f51c8d2069d6186eb06bc6bf04b5addaef8cbf15a0562"
    filename: "blueocean-git-pipeline.hpi"
  - download_url: "https://updates.jenkins.io/download/plugins/blueocean-github-pipeline/1.27.26/blueocean-github-pipeline.hpi"
    checksum: "sha256:66cc1621df9a0f22cba66e06e76ea1c4c3f94fd9a93a734e14c7a1dacc7630a2"
    filename: "blueocean-github-pipeline.hpi"
  - download_url: "https://updates.jenkins.io/download/plugins/blueocean-i18n/1.27.26/blueocean-i18n.hpi"
    checksum: "sha256:2909964e15db39a0818f35b3ea9d6dd65245e9bb064c40f2f57c04e4466d7903"
    filename: "blueocean-i18n.hpi"
  - download_url: "https://updates.jenkins.io/download/plugins/blueocean-jwt/1.27.26/blueocean-jwt.hpi"
    checksum: "sha256:da7cabee4364bb3732964097ae62691e7f4d28036faa274e4b0d4611a4bcfc31"
    filename: "blueocean-jwt.hpi"
  - download_url: "https://updates.jenkins.io/download/plugins/blueocean-personalization/1.27.26/blueocean-personalization.hpi"
    checksum: "sha256:bfcd4d8278bb96cb8810b72122d4533c8594b25f9e1d7c1300298e408da267d5"
    filename: "blueocean-personalization.hpi"
  - download_url: "https://updates.jenkins.io/download/plugins/blueocean-pipeline-api-impl/1.27.26/blueocean-pipeline-api-impl.hpi"
    checksum: "sha256:687fb41769ed042bb473bdce333931025970bc3e0b142e38e842e6d3b7e33aa8"
    filename: "blueocean-pipeline-api-impl.hpi"
  - download_url: "https://updates.jenkins.io/download/plugins/blueocean-pipeline-editor/1.27.26/blueocean-pipeline-editor.hpi"
    checksum: "sha256:123c6d8fa3269051e7f309434739fe42aa157e37b69ea945838afadf61228482"
    filename: "blueocean-pipeline-editor.hpi"
  - download_url: "https://updates.jenkins.io/download/plugins/blueocean-pipeline-scm-api/1.27.26/blueocean-pipeline-scm-api.hpi"
    checksum: "sha256:6fca2172082fe18bf922d69a18aa2ed8e8f1780bf81cee52d3b65429fc48582e"
    filename: "blueocean-pipeline-scm-api.hpi"
  - download_url: "https://updates.jenkins.io/download/plugins/blueocean-rest-impl/1.27.26/blueocean-rest-impl.hpi"
    checksum: "sha256:9d2e69ea5a5e60740dfecfed30554ca596389489091294c0c883e1dc6d887cf3"
    filename: "blueocean-rest-impl.hpi"
  - download_url: "https://updates.jenkins.io/download/plugins/blueocean-rest/1.27.26/blueocean-rest.hpi"
    checksum: "sha256:760c8e22fa6c92dc8e28ec616a7b8606a4edcea6e9cfc3e0013bfafaeef4ae07"
    filename: "blueocean-rest.hpi"
  - download_url: "https://updates.jenkins.io/download/plugins/blueocean-web/1.27.26/blueocean-web.hpi"
    checksum: "sha256:e514ebaf4de0473d19a6cee614fa1fb361284e7c60fcbbe7f114eb91831f70fb"
    filename: "blueocean-web.hpi"
  - download_url: "https://updates.jenkins.io/download/plugins/blueocean/1.27.26/blueocean.hpi"
    checksum: "sha256:30b8ffa9f8c9ac96c180cd83ba73d2d0c788b7c075ae8b3a4550d97d438a950c"
    filename: "blueocean.hpi"
  - download_url: "https://updates.jenkins.io/download/plugins/bootstrap5-api/5.3.8-1048.va_c299057e35c/bootstrap5-api.hpi"
    checksum: "sha256:4027b4cecbdb400c4cdf6beed351cb27a2e0ef4c39d27618e342fad76a4490df"
    filename: "bootstrap5-api.hpi"
  - download_url: "https://updates.jenkins.io/download/plugins/bouncycastle-api/2.30.1.84-291.v9f17b_21896e2/bouncycastle-api.hpi"
    checksum: "sha256:a31099c54d9b1ac6f88b1336088a73124831532313bf3280e3eb1610300382e1"
    filename: "bouncycastle-api.hpi"
  - download_url: "https://updates.jenkins.io/download/plugins/branch-api/2.1280.v0d4e5b_b_460ef/branch-api.hpi"
    checksum: "sha256:fa9c246644e1b5011241a2e6daded05ac50e59f6b9941871a012b39efe9c8deb"
    filename: "branch-api.hpi"
  - download_url: "https://updates.jenkins.io/download/plugins/caffeine-api/3.2.4-208.v7e2da_a_7db_82b_/caffeine-api.hpi"
    checksum: "sha256:40e254ba2f031a6582044e09529b43c9a031bbaf6563a04c3273e045553aaaf1"
    filename: "caffeine-api.hpi"
  - download_url: "https://updates.jenkins.io/download/plugins/checks-api/415.vf022234a_931d/checks-api.hpi"
    checksum: "sha256:c48335f0fd17e192e82066be5257f5afe1fe1d40f7b47836ee2d93fc161a2749"
    filename: "checks-api.hpi"
  - download_url: "https://updates.jenkins.io/download/plugins/cloudbees-bitbucket-branch-source/937.3.7/cloudbees-bitbucket-branch-source.hpi"
    checksum: "sha256:c1a3250e764d1a4c35b58c2c674dc2437b1e84b15a933f42886cf237141aeb84"
    filename: "cloudbees-bitbucket-branch-source.hpi"
  - download_url: "https://updates.jenkins.io/download/plugins/cloudbees-folder/6.1106.v3a_d9a_6d2465e/cloudbees-folder.hpi"
    checksum: "sha256:4ccfcfe145a1b36aef61f19187e8aa74eb3c90fdb9c9bfce865e09aa13c8a70a"
    filename: "cloudbees-folder.hpi"
  - download_url: "https://updates.jenkins.io/download/plugins/command-launcher/134.v025a_5fcf9dea_/command-launcher.hpi"
    checksum: "sha256:12bc6863fa3d2ce11c9f5d3f603d8c2eaf610d5d01950c94c2455fdd3fefdab8"
    filename: "command-launcher.hpi"
  - download_url: "https://updates.jenkins.io/download/plugins/commons-collections4-api/4.5.0-8.va_d5448ef9011/commons-collections4-api.hpi"
    checksum: "sha256:07ed1548a96c3c1235dc58698e939ac026470c04d0c00ba9a5320a7b96d35032"
    filename: "commons-collections4-api.hpi"
  - download_url: "https://updates.jenkins.io/download/plugins/commons-compress-api/1.28.0-87.v48a_8104cb_b_25/commons-compress-api.hpi"
    checksum: "sha256:f0e12e84bfe95ad0376542cadc3a9c5f231fa59bda914ce55b9850bd971387e5"
    filename: "commons-compress-api.hpi"
  - download_url: "https://updates.jenkins.io/download/plugins/commons-lang3-api/3.20.0-109.ve43756e2d2b_4/commons-lang3-api.hpi"
    checksum: "sha256:aa0908e0002c23c329df1f5e36d2ea9af6dfbd7c7f71fcf413cc471f335c2052"
    filename: "commons-lang3-api.hpi"
  - download_url: "https://updates.jenkins.io/download/plugins/commons-text-api/1.15.0-218.va_61573470393/commons-text-api.hpi"
    checksum: "sha256:ae2abdf957694f4aa39b9ba0b539edabc384f3da277551879e34ffb22fb13764"
    filename: "commons-text-api.hpi"
  - download_url: "https://updates.jenkins.io/download/plugins/conditional-buildstep/1.5.0/conditional-buildstep.hpi"
    checksum: "sha256:eb6cdd4191eb4405949c7b6c0289d90552f47f5e2dd4a41624769e91fb1f8b52"
    filename: "conditional-buildstep.hpi"
  - download_url: "https://updates.jenkins.io/download/plugins/config-file-provider/1013.v73c323e52b_1f/config-file-provider.hpi"
    checksum: "sha256:82807ddf80599b2b7aaf24dc5c16cd7652fc5a6f83f5237114af01aca0818021"
    filename: "config-file-provider.hpi"
  - download_url: "https://updates.jenkins.io/download/plugins/configuration-as-code-groovy/1.1/configuration-as-code-groovy.hpi"
    checksum: "sha256:3c2ab4a45b3b0232243669c4400f31715285d5f5e20accd0f228d863fc43e866"
    filename: "configuration-as-code-groovy.hpi"
  - download_url: "https://updates.jenkins.io/download/plugins/configuration-as-code/2116.v98dde145b_dce/configuration-as-code.hpi"
    checksum: "sha256:ec66f896d1262ec319ec88aa8f850e3126029aac071512d82f2f943ce6cb1e2a"
    filename: "configuration-as-code.hpi"
  - download_url: "https://updates.jenkins.io/download/plugins/credentials-binding/728.v902a_273b_8947/credentials-binding.hpi"
    checksum: "sha256:bd7d1a187e35c8e2b6619cd50f2f8c5d28aafc4ef8fd9de572fb2cfa464f466d"
    filename: "credentials-binding.hpi"
  - download_url: "https://updates.jenkins.io/download/plugins/credentials/1511.v2e3cb_0008ef0/credentials.hpi"
    checksum: "sha256:79c29f779906610aa08ac396674740e411b28cbe400460737eeeaa4a99569acb"
    filename: "credentials.hpi"
  - download_url: "https://updates.jenkins.io/download/plugins/data-tables-api/2.3.8-1570.v1cb_1cd2a_0fb_c/data-tables-api.hpi"
    checksum: "sha256:87f5acaae42f78463f4fcb27ffb9d2cc3b22db33023dc28e891c9b03d683d43b"
    filename: "data-tables-api.hpi"
  - download_url: "https://updates.jenkins.io/download/plugins/display-url-api/2.217.va_6b_de84cc74b_/display-url-api.hpi"
    checksum: "sha256:07eeaae738b451bade4756900b48561c6c493a42c7ba07a45b22a2dce71ac0ca"
    filename: "display-url-api.hpi"
  - download_url: "https://updates.jenkins.io/download/plugins/docker-commons/477.v289085a_b_6896/docker-commons.hpi"
    checksum: "sha256:695259df771b9182973cb0bc2f13657bd4f9e9efa9ec88ce65758e29d026fc8b"
    filename: "docker-commons.hpi"
  - download_url: "https://updates.jenkins.io/download/plugins/durable-task/686.v80ff80875b_82/durable-task.hpi"
    checksum: "sha256:1f5bb92ee5784ee01a4e4e0307e806fa1e260db8aceba56fe8d277e939278dfa"
    filename: "durable-task.hpi"
  - download_url: "https://updates.jenkins.io/download/plugins/echarts-api/6.1.0-1306.vcee1648c16a_4/echarts-api.hpi"
    checksum: "sha256:cf944061e349011873d620898a14f409ae2a1b0e908d0efc0e7bdd5a6df5c997"
    filename: "echarts-api.hpi"
  - download_url: "https://updates.jenkins.io/download/plugins/eddsa-api/0.3.0.1-29.v67e9a_1c969b_b_/eddsa-api.hpi"
    checksum: "sha256:edaefd759bda946e5c123141bc928b6c0a5d9c8f44b4d0389335376ee1d196a3"
    filename: "eddsa-api.hpi"
  - download_url: "https://updates.jenkins.io/download/plugins/email-ext/2038.v7b_8817a_499d9/email-ext.hpi"
    checksum: "sha256:058d49a24537bc1366b5855662861d7f11f3a482430ec7a5792aa9bbbe2bd47d"
    filename: "email-ext.hpi"
  - download_url: "https://updates.jenkins.io/download/plugins/favorite/2.267.vb_90d08408081/favorite.hpi"
    checksum: "sha256:68c8c94405564462d56fab706465935f74e547e8df5e1acacc24219c6d0ef315"
    filename: "favorite.hpi"
  - download_url: "https://updates.jenkins.io/download/plugins/font-awesome-api/7.3.1-1013.v0835a_879ec6d/font-awesome-api.hpi"
    checksum: "sha256:7ee382c678545f5fd5b022e5dbb75d129a97db2b0180fb42f17edcebdfdbbf5a"
    filename: "font-awesome-api.hpi"
  - download_url: "https://updates.jenkins.io/download/plugins/git-client/6.6.1/git-client.hpi"
    checksum: "sha256:69ab80e3bd51e2e4e676a18722c02c7b163eb11a758b52ecf179d58e1ca1738f"
    filename: "git-client.hpi"
  - download_url: "https://updates.jenkins.io/download/plugins/git-server/137.ve0060b_432302/git-server.hpi"
    checksum: "sha256:ce0a4e06a8773c52004d065c638a8e867f02f4ce4d5c41579aea397fd2288497"
    filename: "git-server.hpi"
  - download_url: "https://updates.jenkins.io/download/plugins/git/5.10.1/git.hpi"
    checksum: "sha256:eb562836855eb8e4155a03154002467051d287ab068b2853cfc1c3b86b669a69"
    filename: "git.hpi"
  - download_url: "https://updates.jenkins.io/download/plugins/github-api/1.330-492.v3941a_032db_2a_/github-api.hpi"
    checksum: "sha256:1f815342410006bbfc65adb4a027be91bfb4d7ea7460d59ac3278f67819261ba"
    filename: "github-api.hpi"
  - download_url: "https://updates.jenkins.io/download/plugins/github-branch-source/1983.vfa_27ed961853/github-branch-source.hpi"
    checksum: "sha256:1cc2bad72a461c70d00d068d1be7bb0b794d8c81fbc2139b33ecd3468c317aa1"
    filename: "github-branch-source.hpi"
  - download_url: "https://updates.jenkins.io/download/plugins/github/1.47.0/github.hpi"
    checksum: "sha256:b9f040a3280977f2012c0057b48db712959c665e685b74e79fa1cf43833878da"
    filename: "github.hpi"
  - download_url: "https://updates.jenkins.io/download/plugins/google-oauth-plugin/1.346.v712b_a_e0d1e60/google-oauth-plugin.hpi"
    checksum: "sha256:fc514c34802ec2617a8742abc6e4799b8dca0ab616197cc1fec315e3c90e9412"
    filename: "google-oauth-plugin.hpi"
  - download_url: "https://updates.jenkins.io/download/plugins/groovy/537.v741a_5a_f1b_581/groovy.hpi"
    checksum: "sha256:1176a3573e97e2921629393d72c3a1b3c19fbd38bfd275b12f8dcc0a1b948b43"
    filename: "groovy.hpi"
  - download_url: "https://updates.jenkins.io/download/plugins/gson-api/2.14.0-201.v8eefe5515533/gson-api.hpi"
    checksum: "sha256:6940cd0f795f72371fd5644d885db9ec0a2077985ac55de85d19ab3b1fac2bb7"
    filename: "gson-api.hpi"
  - download_url: "https://updates.jenkins.io/download/plugins/handy-uri-templates-2-api/2.1.8-38.vcea_5d521d5f3/handy-uri-templates-2-api.hpi"
    checksum: "sha256:2e5881410b0bca648fb78c890bfd8b83c46e4ff4c778235cb58e28b45d89b10e"
    filename: "handy-uri-templates-2-api.hpi"
  - download_url: "https://updates.jenkins.io/download/plugins/htmlpublisher/428/htmlpublisher.hpi"
    checksum: "sha256:c3c53c0b60ba37660db9424b98551de9dc67e5bc0977bc435bec09523c852fde"
    filename: "htmlpublisher.hpi"
  - download_url: "https://updates.jenkins.io/download/plugins/instance-identity/203.v15e81a_1b_7a_38/instance-identity.hpi"
    checksum: "sha256:df2b3205a6177248f12b294650a60405f65ba2cd503ca9599b2dcb72c1de5018"
    filename: "instance-identity.hpi"
  - download_url: "https://updates.jenkins.io/download/plugins/ionicons-api/94.vcc3065403257/ionicons-api.hpi"
    checksum: "sha256:95f3504375d628d887425ccdf32d5606a230261ee42dc683f13958d8e973ac3f"
    filename: "ionicons-api.hpi"
  - download_url: "https://updates.jenkins.io/download/plugins/jackson-annotations2-api/2.22-19.v10a_a_582ea_26e/jackson-annotations2-api.hpi"
    checksum: "sha256:f13d0a17af6f8c8939a6edd30952006b77dca4760b1f40e0289c363918b7d17d"
    filename: "jackson-annotations2-api.hpi"
  - download_url: "https://updates.jenkins.io/download/plugins/jackson2-api/2.22.1-443.vc91f592333c4/jackson2-api.hpi"
    checksum: "sha256:8722488289ce2f581d11655a0b48714f9b7ff0ffbb0cfbf329d128df46f7a419"
    filename: "jackson2-api.hpi"
  - download_url: "https://updates.jenkins.io/download/plugins/jackson3-api/3.2.1-92.vd25c2e23c180/jackson3-api.hpi"
    checksum: "sha256:6d716b72fb70f2f399a628aae858b69e8bfd3ecc5f7e052e8e56b394f843cd87"
    filename: "jackson3-api.hpi"
  - download_url: "https://updates.jenkins.io/download/plugins/jakarta-activation-api/2.1.4-1/jakarta-activation-api.hpi"
    checksum: "sha256:e62298341742f14b374045387ba641ad8a19376793c76bdafebb4a05b5099712"
    filename: "jakarta-activation-api.hpi"
  - download_url: "https://updates.jenkins.io/download/plugins/jakarta-mail-api/2.1.5-1/jakarta-mail-api.hpi"
    checksum: "sha256:244735ea85a51332c079d235a5713e70d3810bea62332894002acc39914ce11b"
    filename: "jakarta-mail-api.hpi"
  - download_url: "https://updates.jenkins.io/download/plugins/jakarta-xml-bind-api/4.0.9-19.v2b_a_5b_44d9a_1c/jakarta-xml-bind-api.hpi"
    checksum: "sha256:2f59227936687ec00f7ea62b550e7a6e9c86cda3423f3567ffe66bbdf235ffb5"
    filename: "jakarta-xml-bind-api.hpi"
  - download_url: "https://updates.jenkins.io/download/plugins/javadoc/354.vee1a_660b_4990/javadoc.hpi"
    checksum: "sha256:6dc05352413f2529c97eb887ccb34dfa2c3c86e3d43feb3806f9a022acbdbb15"
    filename: "javadoc.hpi"
  - download_url: "https://updates.jenkins.io/download/plugins/javax-activation-api/1.2.0-8/javax-activation-api.hpi"
    checksum: "sha256:e96e88c52edf07ba00fb45b26cc411a7a95fa3d4491aaa1a5d36637665880560"
    filename: "javax-activation-api.hpi"
  - download_url: "https://updates.jenkins.io/download/plugins/javax-mail-api/1.6.2-11/javax-mail-api.hpi"
    checksum: "sha256:59db5e1d1bc70dee92f06fe1de4982b90a678c5ad775fa84c501120717015424"
    filename: "javax-mail-api.hpi"
  - download_url: "https://updates.jenkins.io/download/plugins/jaxb/2.3.9-143.v5979df3304e6/jaxb.hpi"
    checksum: "sha256:38ddf4cf5db61a591044130c2f7ccb2b7aa9abebc8fcd8a6953f8da550d002ed"
    filename: "jaxb.hpi"
  - download_url: "https://updates.jenkins.io/download/plugins/jdk-tool/83.v417146707a_3d/jdk-tool.hpi"
    checksum: "sha256:3f056620342e1a9f97dff41e635970d98a1a33987ed9c9f6c39be7deea341b50"
    filename: "jdk-tool.hpi"
  - download_url: "https://updates.jenkins.io/download/plugins/jenkins-design-language/1.27.26/jenkins-design-language.hpi"
    checksum: "sha256:55bb642073d9e9a8f079e6d633c6c5bb1097a91c08a8ec1520c20380cdb2a175"
    filename: "jenkins-design-language.hpi"
  - download_url: "https://updates.jenkins.io/download/plugins/jersey2-api/2.48-180.ve47b_264f849b_/jersey2-api.hpi"
    checksum: "sha256:37e3c585d60bc65224a1d485fe536202062f48656eabb019f9a2e741777047af"
    filename: "jersey2-api.hpi"
  - download_url: "https://updates.jenkins.io/download/plugins/jira/3.22/jira.hpi"
    checksum: "sha256:a7a239ccbf173c97ec95fbcdf836b7651190cd3fa8c88db5a5bb35a1aeffd7c5"
    filename: "jira.hpi"
  - download_url: "https://updates.jenkins.io/download/plugins/jjwt-api/0.13.0-141.vd58b_a_9592b_6c/jjwt-api.hpi"
    checksum: "sha256:899d28111df6c93b932616de5c6e2cf94a5144d2fdf6b5d0ccddf3014a37dbd3"
    filename: "jjwt-api.hpi"
  - download_url: "https://updates.jenkins.io/download/plugins/job-dsl/3654.vdf58f53e2d15/job-dsl.hpi"
    checksum: "sha256:e2a7e39187ab12135af98aabae3f2d9b81fc876a28c9aa4a00324610fecbb072"
    filename: "job-dsl.hpi"
  - download_url: "https://updates.jenkins.io/download/plugins/joda-time-api/2.14.3-200.v65623733c99f/joda-time-api.hpi"
    checksum: "sha256:a950bdbed8a5b869a13a7b9b410cce1c1e4d9605f16e01124582ce8c75e3c9be"
    filename: "joda-time-api.hpi"
  - download_url: "https://updates.jenkins.io/download/plugins/jquery3-api/3.7.1-687.v68d468e40b_30/jquery3-api.hpi"
    checksum: "sha256:16716d59a3df872a3b8700337de9e8306b2d5104320e6916731aa7185d3de880"
    filename: "jquery3-api.hpi"
  - download_url: "https://updates.jenkins.io/download/plugins/jsch/0.2.16-95.v3eecb_55fa_b_78/jsch.hpi"
    checksum: "sha256:2c61d204ed4d2c0ee3a208bfc3c68f52031d4942b9693cca1d0849db4cde0616"
    filename: "jsch.hpi"
  - download_url: "https://updates.jenkins.io/download/plugins/json-api/20260719-223.va_81f828cdb_58/json-api.hpi"
    checksum: "sha256:f79693e3f20ac5d46952840675a8550d6e782a781bf2d9f44a613b6784f096c4"
    filename: "json-api.hpi"
  - download_url: "https://updates.jenkins.io/download/plugins/json-path-api/3.0.0-218.vcd4dd1355de2/json-path-api.hpi"
    checksum: "sha256:c032db1c87e36a57246bce59837f399f8d5f4f53be3483689a69b5c3ac0a0125"
    filename: "json-path-api.hpi"
  - download_url: "https://updates.jenkins.io/download/plugins/jsoup/1.23.1-103.v4fde9422cc6f/jsoup.hpi"
    checksum: "sha256:8c32bbf18f58aeb5421b7991317c35a629ba9cbd7fcb8aa976869e5bc44ae0fd"
    filename: "jsoup.hpi"
  - download_url: "https://updates.jenkins.io/download/plugins/junit/1418.v67a_81935603c/junit.hpi"
    checksum: "sha256:cf646905cdc0da2e14964caa0e0ff762b98de6c19f8bd26deadcbb4e76d3da7d"
    filename: "junit.hpi"
  - download_url: "https://updates.jenkins.io/download/plugins/kubernetes-client-api/7.3.1-256.v788a_0b_787114/kubernetes-client-api.hpi"
    checksum: "sha256:b2bc226e357f836ae46683014c8de5a081b54957f9877a31935b30bba058b774"
    filename: "kubernetes-client-api.hpi"
  - download_url: "https://updates.jenkins.io/download/plugins/kubernetes-credentials/207.v492f58828b_ed/kubernetes-credentials.hpi"
    checksum: "sha256:a452602c2a5a1e5103b64560f5c854a05475c31d3941ad84b47409539b71c539"
    filename: "kubernetes-credentials.hpi"
  - download_url: "https://updates.jenkins.io/download/plugins/kubernetes/4540.v612369217f87/kubernetes.hpi"
    checksum: "sha256:25601c6c30f88a4f655cb74b4006a9de574cf2ba47502672200c7e3f81262239"
    filename: "kubernetes.hpi"
  - download_url: "https://updates.jenkins.io/download/plugins/lockable-resources/1539.v4db_b_fc1cc115/lockable-resources.hpi"
    checksum: "sha256:b5e77b91ac45a9a0ad7856cba1e7732cf8626d54f953b8041732a17d3278756e"
    filename: "lockable-resources.hpi"
  - download_url: "https://updates.jenkins.io/download/plugins/mailer/534.v1b_36f5864073/mailer.hpi"
    checksum: "sha256:5426a66a3f879d25fcb4baff678a28422afbabff22cd6e4f0f998fc67a3dc3fa"
    filename: "mailer.hpi"
  - download_url: "https://updates.jenkins.io/download/plugins/mapdb-api/1.0.9-44.va_1e1310c9118/mapdb-api.hpi"
    checksum: "sha256:e9ef3c650728b9b8d391966281811a0e326b231167d8ef7e3761f7f985196baa"
    filename: "mapdb-api.hpi"
  - download_url: "https://updates.jenkins.io/download/plugins/matrix-auth/3.3/matrix-auth.hpi"
    checksum: "sha256:b8f7a916f1de0872d4c16264bcf9604fdb5b2da1827764745946c7ac5f613948"
    filename: "matrix-auth.hpi"
  - download_url: "https://updates.jenkins.io/download/plugins/matrix-project/905.vcc6831e8760a_/matrix-project.hpi"
    checksum: "sha256:588263d6914f8ca99914dfbe54efa7a9c70b0e00f3037951d5ed72b5d0106a5c"
    filename: "matrix-project.hpi"
  - download_url: "https://updates.jenkins.io/download/plugins/maven-plugin/3.27/maven-plugin.hpi"
    checksum: "sha256:64d69f74ad1b19ebf6d34890c3377570c3a22db4ffcc73470f4570b2945505fe"
    filename: "maven-plugin.hpi"
  - download_url: "https://updates.jenkins.io/download/plugins/mercurial/1323.ve69d2a_db_8a_b_d/mercurial.hpi"
    checksum: "sha256:febf9213ee1363e65adcb4a975c853878b9cc74f9c088155c680e18635bbb890"
    filename: "mercurial.hpi"
  - download_url: "https://updates.jenkins.io/download/plugins/metrics/4.2.37-494.v06f9a_939d33a_/metrics.hpi"
    checksum: "sha256:68d20b650266fb1cd1bc2123813572312efae6c505d214abd8838fb32d726afb"
    filename: "metrics.hpi"
  - download_url: "https://updates.jenkins.io/download/plugins/mina-sshd-api-common/2.19.0-192.v2b_a_7b_2c1dc71/mina-sshd-api-common.hpi"
    checksum: "sha256:887ebd645e43919b6113201257821b990fc923f375382a5dada0c089e49b85bc"
    filename: "mina-sshd-api-common.hpi"
  - download_url: "https://updates.jenkins.io/download/plugins/mina-sshd-api-core/2.19.0-192.v2b_a_7b_2c1dc71/mina-sshd-api-core.hpi"
    checksum: "sha256:5039ea17ea1aa9e349712ccc1e036c38ea9f20f722affc220c2c751369f32495"
    filename: "mina-sshd-api-core.hpi"
  - download_url: "https://updates.jenkins.io/download/plugins/oauth-credentials/0.666.v3e42c3561266/oauth-credentials.hpi"
    checksum: "sha256:a7bd3a4bf1a9ee31f2beb4c25e9cfe481d93d4ee25c12e754e5f6682744f8d7b"
    filename: "oauth-credentials.hpi"
  - download_url: "https://updates.jenkins.io/download/plugins/okhttp-api/5.3.2-200.vedb_720a_cf1f8/okhttp-api.hpi"
    checksum: "sha256:22dcd710e2fdf944271123b40aa430435f96f9c83110d48f9239d6712ccdd27d"
    filename: "okhttp-api.hpi"
  - download_url: "https://updates.jenkins.io/download/plugins/openshift-client/1.1.0.437.v08c5053d5fe2/openshift-client.hpi"
    checksum: "sha256:8a93bf2d8ef317f11ef7d2c5f3f92a3f1e43e4024c55add46d50250f7817e596"
    filename: "openshift-client.hpi"
  - download_url: "https://updates.jenkins.io/download/plugins/openshift-login/1.1.0.263.v2e0ddecf8b_25/openshift-login.hpi"
    checksum: "sha256:f86ab0238850906d3c04752b8950f8f5e1a2bc73bcd8aabbc870cc7ee6dfb06a"
    filename: "openshift-login.hpi"
  - download_url: "https://updates.jenkins.io/download/plugins/openshift-sync/1.1.0.832.v96d61a_7e3647/openshift-sync.hpi"
    checksum: "sha256:348dca18ab5db6d9ff1394730442159e49dcfe03e829c19f6b868539a6698911"
    filename: "openshift-sync.hpi"
  - download_url: "https://updates.jenkins.io/download/plugins/oss-symbols-api/465.v25d9fdc88c26/oss-symbols-api.hpi"
    checksum: "sha256:dea131f6bda101d53d944991adaf0a4dc23f6b6cfad4de14b90fa8df9ec01773"
    filename: "oss-symbols-api.hpi"
  - download_url: "https://updates.jenkins.io/download/plugins/pam-auth/1.12/pam-auth.hpi"
    checksum: "sha256:e10f65e933b551e93f240d5bc34076cd081db9266b18661d4862ffd6c9660e85"
    filename: "pam-auth.hpi"
  - download_url: "https://updates.jenkins.io/download/plugins/parameterized-trigger/893.va_383a_9b_a_4c11/parameterized-trigger.hpi"
    checksum: "sha256:a211097d47a69cb218a2ee19160f75d5d07f2159df69cfd7edae5e96b334b3bd"
    filename: "parameterized-trigger.hpi"
  - download_url: "https://updates.jenkins.io/download/plugins/pipeline-build-step/599.v4b_67ea_11b_152/pipeline-build-step.hpi"
    checksum: "sha256:7aaef526af20b9f034e5c2c649ce454fdad55f5f6bb917e1e2c53c29283ae336"
    filename: "pipeline-build-step.hpi"
  - download_url: "https://updates.jenkins.io/download/plugins/pipeline-graph-analysis/254.v0f63a_a_447dca_/pipeline-graph-analysis.hpi"
    checksum: "sha256:8c89351cb13f694b9cc620501a75aed8bd4acdc0b9a6e6918b5dcb0543f08e7f"
    filename: "pipeline-graph-analysis.hpi"
  - download_url: "https://updates.jenkins.io/download/plugins/pipeline-groovy-lib/798.v5cc688825312/pipeline-groovy-lib.hpi"
    checksum: "sha256:4024fc14cb537bb0fef7dfde6e90d9bf8d91d18aef5467e44f3b41cfb179360e"
    filename: "pipeline-groovy-lib.hpi"
  - download_url: "https://updates.jenkins.io/download/plugins/pipeline-input-step/560.v56198a_642157/pipeline-input-step.hpi"
    checksum: "sha256:7c61bb745ecd1e4e5c7864dc7c8352148d9b2281bcca5a48fd3a7cca7290a135"
    filename: "pipeline-input-step.hpi"
  - download_url: "https://updates.jenkins.io/download/plugins/pipeline-milestone-step/152.v6e22b_8cfc66c/pipeline-milestone-step.hpi"
    checksum: "sha256:cb3187809e219f01b42068f277058a818033f3cfd14da7ec59c86f028fc38386"
    filename: "pipeline-milestone-step.hpi"
  - download_url: "https://updates.jenkins.io/download/plugins/pipeline-model-api/2.2291.v2934911987b_6/pipeline-model-api.hpi"
    checksum: "sha256:e96ac4c955fca0faac63593a79eb48e99bd106fddc3df6cb27cd1c222ad429f3"
    filename: "pipeline-model-api.hpi"
  - download_url: "https://updates.jenkins.io/download/plugins/pipeline-model-definition/2.2291.v2934911987b_6/pipeline-model-definition.hpi"
    checksum: "sha256:a11506d4adaae0d6603310601cc4d2b1d4bc8ddd7574486d4a63c330d736b873"
    filename: "pipeline-model-definition.hpi"
  - download_url: "https://updates.jenkins.io/download/plugins/pipeline-model-extensions/2.2291.v2934911987b_6/pipeline-model-extensions.hpi"
    checksum: "sha256:78e1e4027369f00598718afc5f003d519aa91443769057ec4e452c78330e3f0c"
    filename: "pipeline-model-extensions.hpi"
  - download_url: "https://updates.jenkins.io/download/plugins/pipeline-rest-api/2.41/pipeline-rest-api.hpi"
    checksum: "sha256:6e463affa43f4013c4b0865d4c0442abd738440c54c8bb0cd70f0c1164743159"
    filename: "pipeline-rest-api.hpi"
  - download_url: "https://updates.jenkins.io/download/plugins/pipeline-stage-step/345.va_96187909426/pipeline-stage-step.hpi"
    checksum: "sha256:2eba433b28f2dfc90519e233b14264890f97b93b78e25c664d56607141fcd94b"
    filename: "pipeline-stage-step.hpi"
  - download_url: "https://updates.jenkins.io/download/plugins/pipeline-stage-tags-metadata/2.2291.v2934911987b_6/pipeline-stage-tags-metadata.hpi"
    checksum: "sha256:74356942bd9ae3c948c425f96aebdf4f1db9892163f4a0638774fc3dd1936f70"
    filename: "pipeline-stage-tags-metadata.hpi"
  - download_url: "https://updates.jenkins.io/download/plugins/pipeline-stage-view/2.41/pipeline-stage-view.hpi"
    checksum: "sha256:fbc9dd724278f69b8c7638907363a609a8484cfaaa59321169468ee6c908952f"
    filename: "pipeline-stage-view.hpi"
  - download_url: "https://updates.jenkins.io/download/plugins/pipeline-utility-steps/3.810.va_7672d206740/pipeline-utility-steps.hpi"
    checksum: "sha256:e188b3272dd6dfb0250c7961b016a0e38527a0a2236f5e25fc8c50652582098c"
    filename: "pipeline-utility-steps.hpi"
  - download_url: "https://updates.jenkins.io/download/plugins/plain-credentials/199.v9f8e1f741799/plain-credentials.hpi"
    checksum: "sha256:b5e5e35cf93ad3b818a983916cbcdf3f7866699410a4df923e6a2968ecc3a448"
    filename: "plain-credentials.hpi"
  - download_url: "https://updates.jenkins.io/download/plugins/plugin-util-api/7.1341.v039f146993d9/plugin-util-api.hpi"
    checksum: "sha256:6ed91e4b73cae55327b41ab919b53c33b39425727115d6c308f45ae7a6e47837"
    filename: "plugin-util-api.hpi"
  - download_url: "https://updates.jenkins.io/download/plugins/prism-api/1.30.0-741.v034eb_0b_0a_a_fa_/prism-api.hpi"
    checksum: "sha256:2b7aa7809e0f656afce98c0b6a0a9b62885af6ae85ad90bed67a4f18f18e8354"
    filename: "prism-api.hpi"
  - download_url: "https://updates.jenkins.io/download/plugins/prometheus/856.vc9e3d6e4b_b_9e/prometheus.hpi"
    checksum: "sha256:dc5ad6ed60421bf1983ff4d3a0ebbb0458c09dcfe77b689d4dc8afed79db8e0d"
    filename: "prometheus.hpi"
  - download_url: "https://updates.jenkins.io/download/plugins/pubsub-light/1.19/pubsub-light.hpi"
    checksum: "sha256:c06fa0da18d5586fe934fa30f84a7f96f23297c491fce3dfcf7326adfbc04d0d"
    filename: "pubsub-light.hpi"
  - download_url: "https://updates.jenkins.io/download/plugins/run-condition/276.v97298f3a_cd51/run-condition.hpi"
    checksum: "sha256:0d5d277bbb2e78f509ac17d2df988e1e8c66a8399316ef68c2600b46454b884e"
    filename: "run-condition.hpi"
  - download_url: "https://updates.jenkins.io/download/plugins/scm-api/728.vc30dcf7a_0df5/scm-api.hpi"
    checksum: "sha256:1336472987daa2fa912210aba00e1e37b739ce03f75c973a6794d1a0f55c0326"
    filename: "scm-api.hpi"
  - download_url: "https://updates.jenkins.io/download/plugins/script-security/1412.v7737b_3405f86/script-security.hpi"
    checksum: "sha256:5f2fa5222fdfaf09f090418a67c77e0342071630d69442bae7314975b674d288"
    filename: "script-security.hpi"
  - download_url: "https://updates.jenkins.io/download/plugins/snakeyaml-api/2.5-149.v72471e9c6371/snakeyaml-api.hpi"
    checksum: "sha256:80edbeec15b9afbca18d000cf367d9e26456aa83100dcdd09ee0ed6a4b98a9c2"
    filename: "snakeyaml-api.hpi"
  - download_url: "https://updates.jenkins.io/download/plugins/snakeyaml-engine-api/3.1.1-12.v4320c7d6f89c/snakeyaml-engine-api.hpi"
    checksum: "sha256:75cb57a5fbf8b2e69bc7b5e1d6ecb5d86969ebe4ff10f65541af2a8353f0a262"
    filename: "snakeyaml-engine-api.hpi"
  - download_url: "https://updates.jenkins.io/download/plugins/sse-gateway/1.29/sse-gateway.hpi"
    checksum: "sha256:9e5c4e09fb450dfb03002923f2cc22ea93d55eaaadb8e587b175ab43863053b4"
    filename: "sse-gateway.hpi"
  - download_url: "https://updates.jenkins.io/download/plugins/ssh-credentials/372.va_250881b_08cd/ssh-credentials.hpi"
    checksum: "sha256:7b4d035b05b331038f3dfa99ddfef0cabbacede8f0ad2a6ca9611fb0844108a9"
    filename: "ssh-credentials.hpi"
  - download_url: "https://updates.jenkins.io/download/plugins/sshd/3.384.vc89b_5e138cf9/sshd.hpi"
    checksum: "sha256:aae61f39df9bfd46b24ad6b9f8cef10b3c23d85e7ab9cc7b3a5b7a02dea35c3c"
    filename: "sshd.hpi"
  - download_url: "https://updates.jenkins.io/download/plugins/structs/362.va_b_695ef4fdf9/structs.hpi"
    checksum: "sha256:a0a5db44f2cb082a9ec6572c088340521f033fff8c351fc7eba9ef7f07dbbf8d"
    filename: "structs.hpi"
  - download_url: "https://updates.jenkins.io/download/plugins/subversion/1303.vcfd9679fb_c12/subversion.hpi"
    checksum: "sha256:9eda58f388409914363754d6f7adda20b46a5ea0119f4e4e3ee4910c79f022ef"
    filename: "subversion.hpi"
  - download_url: "https://updates.jenkins.io/download/plugins/token-macro/477.vd4f0dc3cb_cf1/token-macro.hpi"
    checksum: "sha256:ef98e47b467571e7968925ace1c40d1103baefe230f5d4cf44250769b7b6b42b"
    filename: "token-macro.hpi"
  - download_url: "https://updates.jenkins.io/download/plugins/trilead-api/2.284.v1974ea_324382/trilead-api.hpi"
    checksum: "sha256:804d2ba841f2c6d5cfca354451e47d409c4d3a71be1bba74df550abd2810dfed"
    filename: "trilead-api.hpi"
  - download_url: "https://updates.jenkins.io/download/plugins/variant/70.va_d9f17f859e0/variant.hpi"
    checksum: "sha256:12e214ea694469a4461b55881ecb4074ae5dfb04797dbc0dad390f6f4bc75aaf"
    filename: "variant.hpi"
  - download_url: "https://updates.jenkins.io/download/plugins/woodstox-core-api/7.2.2-10.vcb_629759b_2c2/woodstox-core-api.hpi"
    checksum: "sha256:c44a23c45cfb366a5560df7a2f720c8b6d251c860aa018220e59464ba6a33a19"
    filename: "woodstox-core-api.hpi"
  - download_url: "https://updates.jenkins.io/download/plugins/workflow-api/1413.v2ff1a_5e720fa_/workflow-api.hpi"
    checksum: "sha256:f4adbd6b34a2a0b643a12b898110bd976350142eff6322efda21efacbccb6835"
    filename: "workflow-api.hpi"
  - download_url: "https://updates.jenkins.io/download/plugins/workflow-basic-steps/1098.v808b_fd7f8cf4/workflow-basic-steps.hpi"
    checksum: "sha256:93449eb494658d065d097e8c54f707c98c9ce3e54da2fb98281b0a0487154eaf"
    filename: "workflow-basic-steps.hpi"
  - download_url: "https://updates.jenkins.io/download/plugins/workflow-cps-global-lib/636.v3d2c06d018a_6/workflow-cps-global-lib.hpi"
    checksum: "sha256:e896b0dbe85f23b09fbbc0844f7b40c7c596f3c776fbc78d1a42c3b62fa66f54"
    filename: "workflow-cps-global-lib.hpi"
  - download_url: "https://updates.jenkins.io/download/plugins/workflow-cps/4362.v9b_991749898e/workflow-cps.hpi"
    checksum: "sha256:ac42c609ea5e98cbca06170eec98ad754e7c8388f0eb3f44c163a8052cb5a462"
    filename: "workflow-cps.hpi"
  - download_url: "https://updates.jenkins.io/download/plugins/workflow-durable-task-step/1479.v56e587f413a_7/workflow-durable-task-step.hpi"
    checksum: "sha256:a0f0f1464ce3592f76d0f0079ce9fc2d4272594f995bf3d1a7ede4cd5031452e"
    filename: "workflow-durable-task-step.hpi"
  - download_url: "https://updates.jenkins.io/download/plugins/workflow-job/1590.v49101d088542/workflow-job.hpi"
    checksum: "sha256:2993f8b613614c2b577dd802e724b0725fbc64ffc9a5bfe73707ac313ac7b461"
    filename: "workflow-job.hpi"
  - download_url: "https://updates.jenkins.io/download/plugins/workflow-multibranch/841.vec5b_9e1806ec/workflow-multibranch.hpi"
    checksum: "sha256:38cfac453368d0cd2e48f5828de5521df3cd66797552482cfccd6fab963fa1b7"
    filename: "workflow-multibranch.hpi"
  - download_url: "https://updates.jenkins.io/download/plugins/workflow-scm-step/466.va_d69e602552b_/workflow-scm-step.hpi"
    checksum: "sha256:8f35b68153ee8a671d01dcdc3d86dd47837bd2d5fcf9df8d674ff8aeecfba16a"
    filename: "workflow-scm-step.hpi"
  - download_url: "https://updates.jenkins.io/download/plugins/workflow-step-api/724.v538c2362b_dfb_/workflow-step-api.hpi"
    checksum: "sha256:887491de444174228471993b0b2db958db2e7fb577857c8516c58e9618049896"
    filename: "workflow-step-api.hpi"
  - download_url: "https://updates.jenkins.io/download/plugins/workflow-support/1015.v785e5a_b_b_8b_22/workflow-support.hpi"
    checksum: "sha256:914ee717ab8c1d60d0d3ea49a1af11e4ea65c1e74c0b44dc3522f9a2fe5b2a8e"
    filename: "workflow-support.hpi"
